
Microsoft Visual Studio Solution File, Format Version 12.00
# Visual Studio Version 17
VisualStudioVersion = 17.3.32825.248
MinimumVisualStudioVersion = 10.0.40219.1
Project("{9A19103F-16F7-4668-BE54-9A1E7A4F7556}") = "Dept_Book", "Dept_Book\Dept_Book.csproj", "{173D8390-22F9-432B-B46F-8F09F27DD4BC}"
EndProject
Project("{FAE04EC0-301F-11D3-BF4B-00C04F79EFBC}") = "fed_WPF_Eksamen", "fed_WPF_Eksamen\fed_WPF_Eksamen.csproj", "{3B8945EC-6083-4FC1-A01F-557F268D0DD8}"
EndProject
Global
	GlobalSection(SolutionConfigurationPlatforms) = preSolution
		Debug|Any CPU = Debug|Any CPU
		Release|Any CPU = Release|Any CPU
	EndGlobalSection
	GlobalSection(ProjectConfigurationPlatforms) = postSolution
		{173D8390-22F9-432B-B46F-8F09F27DD4BC}.Debug|Any CPU.ActiveCfg = Debug|Any CPU
		{173D8390-22F9-432B-B46F-8F09F27DD4BC}.Debug|Any CPU.Build.0 = Debug|Any CPU
		{173D8390-22F9-432B-B46F-8F09F27DD4BC}.Release|Any CPU.ActiveCfg = Release|Any CPU
		{173D8390-22F9-432B-B46F-8F09F27DD4BC}.Release|Any CPU.Build.0 = Release|Any CPU
		{3B8945EC-6083-4FC1-A01F-557F268D0DD8}.Debug|Any CPU.ActiveCfg = Debug|Any CPU
		{3B8945EC-6083-4FC1-A01F-557F268D0DD8}.Debug|Any CPU.Build.0 = Debug|Any CPU
		{3B8945EC-6083-4FC1-A01F-557F268D0DD8}.Release|Any CPU.ActiveCfg = Release|Any CPU
		{3B8945EC-6083-4FC1-A01F-557F268D0DD8}.Release|Any CPU.Build.0 = Release|Any CPU
	EndGlobalSection
	GlobalSection(SolutionProperties) = preSolution
		HideSolutionNode = FALSE
	EndGlobalSection
	GlobalSection(ExtensibilityGlobals) = postSolution
		SolutionGuid = {6F26CADD-03D2-4219-801C-F912314504B6}
	EndGlobalSection
EndGlobal
